{
  "object": {
    "pins": [
      {
        "package": "Base",
        "repositoryURL": "https://github.com/rosberry/Base-iOS",
        "state": {
          "branch": "master",
          "revision": "35940e87830dbdd20748c731db8fc0caa873b92b",
          "version": null
        }
      },
      {
        "package": "Framezilla",
        "repositoryURL": "https://github.com/rosberry/Framezilla",
        "state": {
          "branch": "master",
          "revision": "1a757e608731f8d51accc1e9864edc1c41d9e75e",
          "version": null
        }
      },
      {
        "package": "Ion",
        "repositoryURL": "https://github.com/rosberry/ion",
        "state": {
          "branch": "master",
          "revision": "07d9da3c4b0cfe0e30f9e93eda8b8a950bcc8a15",
          "version": null
        }
      },
      {
        "package": "KeychainAccess",
        "repositoryURL": "https://github.com/kishikawakatsumi/KeychainAccess",
        "state": {
          "branch": null,
          "revision": "84e546727d66f1adc5439debad16270d0fdd04e7",
          "version": "4.2.2"
        }
      },
      {
        "package": "PhoneNumberKit",
        "repositoryURL": "https://github.com/marmelroy/PhoneNumberKit",
        "state": {
          "branch": null,
          "revision": "1ef0431b971f69c48ca5eb4cdba07f2c5da54c35",
          "version": "3.3.3"
        }
      }
    ]
  },
  "version": 1
}
